<?xml version="1.0" encoding="utf-8"?>
<Project ToolsVersion="4.0" xmlns="http://schemas.microsoft.com/developer/msbuild/2003">
  <ItemGroup>
    <Filter Include="소스 파일">
      <UniqueIdentifier>{4FC737F1-C7A5-4376-A066-2A32D752A2FF}</UniqueIdentifier>
      <Extensions>cpp;c;cc;cxx;c++;cppm;ixx;def;odl;idl;hpj;bat;asm;asmx</Extensions>
    </Filter>
    <Filter Include="헤더 파일">
      <UniqueIdentifier>{93995380-89BD-4b04-88EB-625FBE52EBFB}</UniqueIdentifier>
      <Extensions>h;hh;hpp;hxx;h++;hm;inl;inc;ipp;xsd</Extensions>
    </Filter>
    <Filter Include="헤더 파일\PCH">
      <UniqueIdentifier>{927b4a5b-62ef-4224-bad5-2c997af33b30}</UniqueIdentifier>
    </Filter>
    <Filter Include="01. Manager">
      <UniqueIdentifier>{f00b0c26-1fae-401f-b2b0-29859c14cf09}</UniqueIdentifier>
    </Filter>
    <Filter Include="01. Manager\01. Device">
      <UniqueIdentifier>{88a3901b-c1c4-4c45-a41e-c3a6ead1e6b0}</UniqueIdentifier>
    </Filter>
    <Filter Include="01. Manager\01. Device\CommandQueue">
      <UniqueIdentifier>{0cf39d87-9766-45e4-958c-d615439c7c37}</UniqueIdentifier>
    </Filter>
    <Filter Include="01. Manager\01. Device\RootSignature">
      <UniqueIdentifier>{2a8a6048-76fa-4500-a63e-f90b7374129a}</UniqueIdentifier>
    </Filter>
    <Filter Include="01. Manager\01. Device\ConstantBuffer">
      <UniqueIdentifier>{b71e68e3-ece2-4245-b385-410248781da6}</UniqueIdentifier>
    </Filter>
    <Filter Include="01. Manager\01. Device\SwapChain">
      <UniqueIdentifier>{d8b64db3-2200-4b99-89c9-fdad70da000c}</UniqueIdentifier>
    </Filter>
    <Filter Include="01. Manager\01. Device\TableDescriptorHeap">
      <UniqueIdentifier>{dd20d6d9-abdd-4bcb-b0ab-9017b7e6e90a}</UniqueIdentifier>
    </Filter>
    <Filter Include="01. Manager\02. Timer">
      <UniqueIdentifier>{711e9c7b-6cc7-48ad-a1f4-7a3bb61df551}</UniqueIdentifier>
    </Filter>
    <Filter Include="HLSL">
      <UniqueIdentifier>{eeb7dc13-2e3f-48cc-923a-c0fd2f4017be}</UniqueIdentifier>
    </Filter>
    <Filter Include="01. Manager\04. Input">
      <UniqueIdentifier>{eec1de5d-35a5-4792-b603-29036913d206}</UniqueIdentifier>
    </Filter>
    <Filter Include="01. Manager\05. Math">
      <UniqueIdentifier>{85c8b677-c264-4383-88a9-da0a23f4c833}</UniqueIdentifier>
    </Filter>
    <Filter Include="01. Manager\06. Memory">
      <UniqueIdentifier>{fbcec771-0b1a-4efb-b09a-0478766b9227}</UniqueIdentifier>
    </Filter>
    <Filter Include="01. Manager\07. Asset">
      <UniqueIdentifier>{aedc9c49-c474-4213-9ba4-19f71262ef8b}</UniqueIdentifier>
    </Filter>
    <Filter Include="01. Manager\09. Render">
      <UniqueIdentifier>{54ce3ffa-01df-4f08-ba50-59be15cff567}</UniqueIdentifier>
    </Filter>
    <Filter Include="01. Manager\03. Path">
      <UniqueIdentifier>{f8e63680-9b22-482d-ad3b-6e1ffc601758}</UniqueIdentifier>
    </Filter>
    <Filter Include="Script">
      <UniqueIdentifier>{a1b23e0f-8092-46c4-8e40-49e9eb1b477e}</UniqueIdentifier>
    </Filter>
    <Filter Include="02. Level">
      <UniqueIdentifier>{4511727d-a05b-4456-948b-e6e4ea8a08c0}</UniqueIdentifier>
    </Filter>
    <Filter Include="03. GameObject">
      <UniqueIdentifier>{d7b6a118-d08d-4972-91d0-84166a729129}</UniqueIdentifier>
    </Filter>
    <Filter Include="04. Component">
      <UniqueIdentifier>{445beb6d-4381-4029-9037-d0d4856e1cb8}</UniqueIdentifier>
    </Filter>
    <Filter Include="04. Component\01. RenderComponent">
      <UniqueIdentifier>{0f04681f-22de-43d0-b3ae-c8a1ceb1ac7d}</UniqueIdentifier>
    </Filter>
    <Filter Include="04. Component\01. RenderComponent\MeshRenderer">
      <UniqueIdentifier>{c46337f8-aca9-4375-8760-557fb55dc3b2}</UniqueIdentifier>
    </Filter>
    <Filter Include="04. Component\01. RenderComponent\Skybox">
      <UniqueIdentifier>{0f08e9ec-ec99-4bc6-8b4a-4f57d7df3ea8}</UniqueIdentifier>
    </Filter>
    <Filter Include="04. Component\02. Camera">
      <UniqueIdentifier>{a30ec56f-a86c-4463-aa20-580a43ec7a76}</UniqueIdentifier>
    </Filter>
    <Filter Include="04. Component\03. Transform">
      <UniqueIdentifier>{4eb6377f-8898-43ea-ac76-a51f7a008690}</UniqueIdentifier>
    </Filter>
    <Filter Include="04. Component\04. Collider">
      <UniqueIdentifier>{fabf8a13-6332-4c1c-99b4-992d1c1e4ef9}</UniqueIdentifier>
    </Filter>
    <Filter Include="04. Component\Script">
      <UniqueIdentifier>{3910a399-fc3e-4a9d-893e-dbead3f536f8}</UniqueIdentifier>
    </Filter>
    <Filter Include="05. Asset">
      <UniqueIdentifier>{ccec870a-f288-4382-b965-324e3a229dc9}</UniqueIdentifier>
    </Filter>
    <Filter Include="05. Asset\01. Mesh">
      <UniqueIdentifier>{d6f80dd1-031c-4f17-bc9b-7c3bdacc86a8}</UniqueIdentifier>
    </Filter>
    <Filter Include="05. Asset\02. Material">
      <UniqueIdentifier>{49c3bce8-aa65-43df-805b-371af99023e9}</UniqueIdentifier>
    </Filter>
    <Filter Include="05. Asset\03. Texture">
      <UniqueIdentifier>{023782df-5e16-4d35-87d0-232570d69666}</UniqueIdentifier>
    </Filter>
    <Filter Include="05. Asset\04. Shader">
      <UniqueIdentifier>{d1efdb37-6524-4220-9f2b-162a94794f40}</UniqueIdentifier>
    </Filter>
    <Filter Include="04. Component\02. Camera\Frustum">
      <UniqueIdentifier>{92113a21-5c17-45e0-9b24-df2f6ee83d48}</UniqueIdentifier>
    </Filter>
    <Filter Include="01. Manager\10. Collision">
      <UniqueIdentifier>{69928252-5624-45b2-b106-18f73ac1da6a}</UniqueIdentifier>
    </Filter>
    <Filter Include="04. Component\05. Animation">
      <UniqueIdentifier>{d32a399f-441b-4b12-8e9b-5594e20da075}</UniqueIdentifier>
    </Filter>
    <Filter Include="04. Component\06. Light">
      <UniqueIdentifier>{3a79a9b4-0ba4-48ff-bd7d-739ae3606368}</UniqueIdentifier>
    </Filter>
    <Filter Include="01. Manager\01. Device\RenderTargetGroup">
      <UniqueIdentifier>{a43e03d0-b34c-4be4-898a-9fa584455fdd}</UniqueIdentifier>
    </Filter>
    <Filter Include="01. Manager\01. Device\StructedBuffer">
      <UniqueIdentifier>{063b86b6-fd65-4cc0-b764-5056f8e91790}</UniqueIdentifier>
    </Filter>
    <Filter Include="01. Manager\08. Level">
      <UniqueIdentifier>{d2bc51e2-107d-4d9b-940d-cd883e12bf8a}</UniqueIdentifier>
    </Filter>
    <Filter Include="01. Manager\11. Inctancing">
      <UniqueIdentifier>{33c3f251-f441-4f6b-8b97-93d3a2b77c0b}</UniqueIdentifier>
    </Filter>
    <Filter Include="04. Component\07. ParticleSystem">
      <UniqueIdentifier>{28eb4740-bed7-4885-a6cd-da12b5955ab3}</UniqueIdentifier>
    </Filter>
    <Filter Include="IMGUI">
      <UniqueIdentifier>{be63f490-002e-4fdb-bc94-b91187f06a79}</UniqueIdentifier>
    </Filter>
    <Filter Include="01. Manager\12. ImGui">
      <UniqueIdentifier>{1d66cf96-8c2a-4390-b8d8-4866c1b54154}</UniqueIdentifier>
    </Filter>
    <Filter Include="05. Asset\05. Sound">
      <UniqueIdentifier>{8a036813-c3f8-45a5-8a10-6cc11a75929f}</UniqueIdentifier>
    </Filter>
    <Filter Include="05. Asset\05. Sound\01. FMOD">
      <UniqueIdentifier>{81b7a1a1-0251-4fe3-8378-f5e4797ea76a}</UniqueIdentifier>
    </Filter>
    <Filter Include="01. Manager\13. Sound">
      <UniqueIdentifier>{d4e67145-560a-4b39-be32-21ec5558a89a}</UniqueIdentifier>
    </Filter>
    <Filter Include="04. Component\08. RigidBody">
      <UniqueIdentifier>{7d39d63e-e598-4f6b-9cea-fa579c72dd27}</UniqueIdentifier>
    </Filter>
    <Filter Include="04. Component\09. UI">
      <UniqueIdentifier>{37c7b44f-c376-4232-aaae-59c8d36919b1}</UniqueIdentifier>
    </Filter>
    <Filter Include="IMGUIZMO">
      <UniqueIdentifier>{83776f98-764c-47c9-982b-6c7a488c5d8d}</UniqueIdentifier>
    </Filter>
    <Filter Include="00. Network">
      <UniqueIdentifier>{cd6478f1-bdcb-4868-8781-1616c537118a}</UniqueIdentifier>
    </Filter>
    <Filter Include="00. Network\01. Session">
      <UniqueIdentifier>{0986a5c3-209a-478e-91f9-3a19d3e7d42d}</UniqueIdentifier>
    </Filter>
    <Filter Include="00. Network\02. PacketHandler">
      <UniqueIdentifier>{eed99d33-b663-44c1-ab3b-323baae52a8d}</UniqueIdentifier>
    </Filter>
    <Filter Include="00. Network\03. Protocol">
      <UniqueIdentifier>{f61276d7-d9cf-4330-864f-0d4c28bd5c77}</UniqueIdentifier>
    </Filter>
    <Filter Include="01. Manager\14. Save/Load">
      <UniqueIdentifier>{76618a6c-f4d4-4604-8e9e-624c97bc5979}</UniqueIdentifier>
    </Filter>
    <Filter Include="06. State">
      <UniqueIdentifier>{36fdb397-7cde-4673-8890-e8717de16978}</UniqueIdentifier>
    </Filter>
    <Filter Include="06. State\PlayerState">
      <UniqueIdentifier>{e79832f5-0e6e-451a-b391-3b6d7ab69c4e}</UniqueIdentifier>
    </Filter>
    <Filter Include="01. Manager\15. State">
      <UniqueIdentifier>{745aad43-46a0-477a-8921-3d27a040a697}</UniqueIdentifier>
    </Filter>
    <Filter Include="06. State\PlayerState\Move">
      <UniqueIdentifier>{8163dffe-92a5-458e-8e7c-3f8a7ba70be3}</UniqueIdentifier>
    </Filter>
    <Filter Include="06. State\PlayerState\Attack">
      <UniqueIdentifier>{21aca640-62bd-47c6-b3c0-18ddd8b432c6}</UniqueIdentifier>
    </Filter>
    <Filter Include="01. Manager\16. Skill">
      <UniqueIdentifier>{c0669c37-668a-41ae-a9fe-84913a9e43d1}</UniqueIdentifier>
    </Filter>
    <Filter Include="03. GameObject\Monster">
      <UniqueIdentifier>{e6a88a08-5671-468a-b070-ad8b12656141}</UniqueIdentifier>
    </Filter>
    <Filter Include="03. GameObject\Player">
      <UniqueIdentifier>{354355c8-cf7f-42b6-988c-0a5f60d6ba63}</UniqueIdentifier>
    </Filter>
    <Filter Include="04. Component\10. AI">
      <UniqueIdentifier>{57173f00-e481-4cea-9eb7-919185495e65}</UniqueIdentifier>
    </Filter>
    <Filter Include="06. State\MonsterState">
      <UniqueIdentifier>{e2edb8de-bbd6-4a5e-a178-b2b794d3060b}</UniqueIdentifier>
    </Filter>
    <Filter Include="06. State\MonsterState\Attack">
      <UniqueIdentifier>{1e12d49b-ce25-4b75-bd5e-ed9422d50220}</UniqueIdentifier>
    </Filter>
    <Filter Include="06. State\MonsterState\Move">
      <UniqueIdentifier>{fe03a543-94b3-4581-85db-0b097fb97b50}</UniqueIdentifier>
    </Filter>
    <Filter Include="03. GameObject\Player\Skill">
      <UniqueIdentifier>{e701c7c4-23d6-401d-b489-530128f69a74}</UniqueIdentifier>
    </Filter>
    <Filter Include="03. GameObject\Player\Skill\Fire">
      <UniqueIdentifier>{019c9dec-01dc-418c-88e8-46cec7013dfe}</UniqueIdentifier>
    </Filter>
    <Filter Include="00. Network\03. Protocol\Base">
      <UniqueIdentifier>{27c6cdc7-311e-4e17-b230-c17972e362b7}</UniqueIdentifier>
    </Filter>
    <Filter Include="07. UI">
      <UniqueIdentifier>{c19c8332-545b-409d-8ee4-d46673b6ef3a}</UniqueIdentifier>
    </Filter>
    <Filter Include="07. UI\01. Widget">
      <UniqueIdentifier>{f8964258-10bc-4ec6-9e5d-e4ba33205ddb}</UniqueIdentifier>
    </Filter>
    <Filter Include="07. UI\02. WidgetWindow">
      <UniqueIdentifier>{ed0cb1cf-2aca-4793-9d74-885920abbe95}</UniqueIdentifier>
    </Filter>
    <Filter Include="JSON">
      <UniqueIdentifier>{3386179b-56b2-45aa-80b5-6aeb24ee4602}</UniqueIdentifier>
    </Filter>
    <Filter Include="01. Manager\17. ParticleSystem">
      <UniqueIdentifier>{70a82853-671d-4eb1-a7fc-ad6f71e08535}</UniqueIdentifier>
    </Filter>
    <Filter Include="03. GameObject\Effect">
      <UniqueIdentifier>{fe5bcfa7-6882-49db-8f69-14b4ed2f5458}</UniqueIdentifier>
    </Filter>
  </ItemGroup>
  <ItemGroup>
    <ClInclude Include="Global.h">
      <Filter>헤더 파일</Filter>
    </ClInclude>
    <ClInclude Include="pch.h">
      <Filter>헤더 파일\PCH</Filter>
    </ClInclude>
    <ClInclude Include="Singleton.h">
      <Filter>헤더 파일</Filter>
    </ClInclude>
    <ClInclude Include="Define.h">
      <Filter>헤더 파일</Filter>
    </ClInclude>
    <ClInclude Include="Flag.h">
      <Filter>헤더 파일</Filter>
    </ClInclude>
    <ClInclude Include="Engine.h">
      <Filter>01. Manager</Filter>
    </ClInclude>
    <ClInclude Include="SimpleMath.h">
      <Filter>01. Manager\05. Math</Filter>
    </ClInclude>
    <ClInclude Include="d3dx12.h">
      <Filter>헤더 파일</Filter>
    </ClInclude>
    <ClInclude Include="Device.h">
      <Filter>01. Manager\01. Device</Filter>
    </ClInclude>
    <ClInclude Include="CommandQueue.h">
      <Filter>01. Manager\01. Device\CommandQueue</Filter>
    </ClInclude>
    <ClInclude Include="RootSignature.h">
      <Filter>01. Manager\01. Device\RootSignature</Filter>
    </ClInclude>
    <ClInclude Include="ConstantBuffer.h">
      <Filter>01. Manager\01. Device\ConstantBuffer</Filter>
    </ClInclude>
    <ClInclude Include="SwapChain.h">
      <Filter>01. Manager\01. Device\SwapChain</Filter>
    </ClInclude>
    <ClInclude Include="TableDescriptorHeap.h">
      <Filter>01. Manager\01. Device\TableDescriptorHeap</Filter>
    </ClInclude>
    <ClInclude Include="LevelManager.h">
      <Filter>01. Manager\08. Level</Filter>
    </ClInclude>
    <ClInclude Include="Level.h">
      <Filter>02. Level</Filter>
    </ClInclude>
    <ClInclude Include="Ref.h">
      <Filter>01. Manager\06. Memory</Filter>
    </ClInclude>
    <ClInclude Include="SharedPtr.h">
      <Filter>01. Manager\06. Memory</Filter>
    </ClInclude>
    <ClInclude Include="Layer.h">
      <Filter>02. Level</Filter>
    </ClInclude>
    <ClInclude Include="GameObject.h">
      <Filter>03. GameObject</Filter>
    </ClInclude>
    <ClInclude Include="Component.h">
      <Filter>04. Component</Filter>
    </ClInclude>
    <ClInclude Include="RenderComponent.h">
      <Filter>04. Component\01. RenderComponent</Filter>
    </ClInclude>
    <ClInclude Include="MeshRenderer.h">
      <Filter>04. Component\01. RenderComponent\MeshRenderer</Filter>
    </ClInclude>
    <ClInclude Include="Script.h">
      <Filter>04. Component\Script</Filter>
    </ClInclude>
    <ClInclude Include="RenderManager.h">
      <Filter>01. Manager\09. Render</Filter>
    </ClInclude>
    <ClInclude Include="Camera.h">
      <Filter>04. Component\02. Camera</Filter>
    </ClInclude>
    <ClInclude Include="AssetManager.h">
      <Filter>01. Manager\07. Asset</Filter>
    </ClInclude>
    <ClInclude Include="Asset.h">
      <Filter>05. Asset</Filter>
    </ClInclude>
    <ClInclude Include="Mesh.h">
      <Filter>05. Asset\01. Mesh</Filter>
    </ClInclude>
    <ClInclude Include="Timer.h">
      <Filter>01. Manager\02. Timer</Filter>
    </ClInclude>
    <ClInclude Include="Shader.h">
      <Filter>05. Asset\04. Shader</Filter>
    </ClInclude>
    <ClInclude Include="ComputeShader.h">
      <Filter>05. Asset\04. Shader</Filter>
    </ClInclude>
    <ClInclude Include="GraphicShader.h">
      <Filter>05. Asset\04. Shader</Filter>
    </ClInclude>
    <ClInclude Include="PathManager.h">
      <Filter>01. Manager\03. Path</Filter>
    </ClInclude>
    <ClInclude Include="Transform.h">
      <Filter>04. Component\03. Transform</Filter>
    </ClInclude>
    <ClInclude Include="InputManager.h">
      <Filter>01. Manager\04. Input</Filter>
    </ClInclude>
    <ClInclude Include="CameraScript.h">
      <Filter>Script</Filter>
    </ClInclude>
    <ClInclude Include="Material.h">
      <Filter>05. Asset\02. Material</Filter>
    </ClInclude>
    <ClInclude Include="Texture.h">
      <Filter>05. Asset\03. Texture</Filter>
    </ClInclude>
    <ClInclude Include="Frustum.h">
      <Filter>04. Component\02. Camera\Frustum</Filter>
    </ClInclude>
    <ClInclude Include="BaseCollider.h">
      <Filter>04. Component\04. Collider</Filter>
    </ClInclude>
    <ClInclude Include="BoxCollider.h">
      <Filter>04. Component\04. Collider</Filter>
    </ClInclude>
    <ClInclude Include="OrientedBoxCollider.h">
      <Filter>04. Component\04. Collider</Filter>
    </ClInclude>
    <ClInclude Include="CollisionManager.h">
      <Filter>01. Manager\10. Collision</Filter>
    </ClInclude>
    <ClInclude Include="LevelCollision.h">
      <Filter>02. Level</Filter>
    </ClInclude>
    <ClInclude Include="MeshData.h">
      <Filter>05. Asset\01. Mesh</Filter>
    </ClInclude>
    <ClInclude Include="Animator.h">
      <Filter>04. Component\05. Animation</Filter>
    </ClInclude>
    <ClInclude Include="RenderTargetGroup.h">
      <Filter>01. Manager\01. Device\RenderTargetGroup</Filter>
    </ClInclude>
    <ClInclude Include="StructuredBuffer.h">
      <Filter>01. Manager\01. Device\StructedBuffer</Filter>
    </ClInclude>
    <ClInclude Include="ParticleSystem.h">
      <Filter>04. Component\07. ParticleSystem</Filter>
    </ClInclude>
    <ClInclude Include="Light.h">
      <Filter>04. Component\06. Light</Filter>
    </ClInclude>
    <ClInclude Include="InstancingBuffer.h">
      <Filter>01. Manager\11. Inctancing</Filter>
    </ClInclude>
    <ClInclude Include="InstancingManager.h">
      <Filter>01. Manager\11. Inctancing</Filter>
    </ClInclude>
    <ClInclude Include="..\..\3rdParty\ImGui\imgui_impl_dx12.h">
      <Filter>IMGUI</Filter>
    </ClInclude>
    <ClInclude Include="..\..\3rdParty\ImGui\imgui_impl_win32.h">
      <Filter>IMGUI</Filter>
    </ClInclude>
    <ClInclude Include="..\..\3rdParty\ImGui\imgui_internal.h">
      <Filter>IMGUI</Filter>
    </ClInclude>
    <ClInclude Include="..\..\3rdParty\ImGui\imstb_rectpack.h">
      <Filter>IMGUI</Filter>
    </ClInclude>
    <ClInclude Include="..\..\3rdParty\ImGui\imstb_textedit.h">
      <Filter>IMGUI</Filter>
    </ClInclude>
    <ClInclude Include="..\..\3rdParty\ImGui\imstb_truetype.h">
      <Filter>IMGUI</Filter>
    </ClInclude>
    <ClInclude Include="..\..\3rdParty\ImGui\imconfig.h">
      <Filter>IMGUI</Filter>
    </ClInclude>
    <ClInclude Include="..\..\3rdParty\ImGui\imgui.h">
      <Filter>IMGUI</Filter>
    </ClInclude>
    <ClInclude Include="ImGuiManager.h">
      <Filter>01. Manager\12. ImGui</Filter>
    </ClInclude>
    <ClInclude Include="JHDLoader.h">
      <Filter>05. Asset</Filter>
    </ClInclude>
    <ClInclude Include="Sound.h">
      <Filter>05. Asset\05. Sound</Filter>
    </ClInclude>
    <ClInclude Include="SoundManager.h">
      <Filter>01. Manager\13. Sound</Filter>
    </ClInclude>
    <ClInclude Include="fmod.h">
      <Filter>05. Asset\05. Sound\01. FMOD</Filter>
    </ClInclude>
    <ClInclude Include="fmod.hpp">
      <Filter>05. Asset\05. Sound\01. FMOD</Filter>
    </ClInclude>
    <ClInclude Include="fmod_codec.h">
      <Filter>05. Asset\05. Sound\01. FMOD</Filter>
    </ClInclude>
    <ClInclude Include="fmod_common.h">
      <Filter>05. Asset\05. Sound\01. FMOD</Filter>
    </ClInclude>
    <ClInclude Include="fmod_dsp.h">
      <Filter>05. Asset\05. Sound\01. FMOD</Filter>
    </ClInclude>
    <ClInclude Include="fmod_dsp_effects.h">
      <Filter>05. Asset\05. Sound\01. FMOD</Filter>
    </ClInclude>
    <ClInclude Include="fmod_errors.h">
      <Filter>05. Asset\05. Sound\01. FMOD</Filter>
    </ClInclude>
    <ClInclude Include="fmod_output.h">
      <Filter>05. Asset\05. Sound\01. FMOD</Filter>
    </ClInclude>
    <ClInclude Include="RigidBody.h">
      <Filter>04. Component\08. RigidBody</Filter>
    </ClInclude>
    <ClInclude Include="UI.h">
      <Filter>04. Component\09. UI</Filter>
    </ClInclude>
    <ClInclude Include="UIButton.h">
      <Filter>04. Component\09. UI</Filter>
    </ClInclude>
    <ClInclude Include="..\..\3rdParty\ImGuizmo\ImGuizmo.h">
      <Filter>IMGUIZMO</Filter>
    </ClInclude>
    <ClInclude Include="..\..\3rdParty\ImGuizmo\GraphEditor.h">
      <Filter>IMGUIZMO</Filter>
    </ClInclude>
    <ClInclude Include="..\..\3rdParty\ImGuizmo\ImCurveEdit.h">
      <Filter>IMGUIZMO</Filter>
    </ClInclude>
    <ClInclude Include="..\..\3rdParty\ImGuizmo\ImGradient.h">
      <Filter>IMGUIZMO</Filter>
    </ClInclude>
    <ClInclude Include="..\..\3rdParty\ImGuizmo\ImSequencer.h">
      <Filter>IMGUIZMO</Filter>
    </ClInclude>
    <ClInclude Include="..\..\3rdParty\ImGuizmo\ImZoomSlider.h">
      <Filter>IMGUIZMO</Filter>
    </ClInclude>
    <ClInclude Include="NetworkManager.h">
      <Filter>00. Network</Filter>
    </ClInclude>
    <ClInclude Include="ServerSession.h">
      <Filter>00. Network\01. Session</Filter>
    </ClInclude>
    <ClInclude Include="Logger.h">
      <Filter>헤더 파일</Filter>
    </ClInclude>
    <ClInclude Include="SaveLoadManager.h">
      <Filter>01. Manager\14. Save/Load</Filter>
    </ClInclude>
    <ClInclude Include="State.h">
      <Filter>06. State</Filter>
    </ClInclude>
    <ClInclude Include="StateManager.h">
      <Filter>01. Manager\15. State</Filter>
    </ClInclude>
    <ClInclude Include="PlayerScript.h">
      <Filter>Script</Filter>
    </ClInclude>
    <ClInclude Include="PlayerDashState.h">
      <Filter>06. State\PlayerState\Move</Filter>
    </ClInclude>
    <ClInclude Include="PlayerIdleState.h">
      <Filter>06. State\PlayerState\Move</Filter>
    </ClInclude>
    <ClInclude Include="PlayerRunState.h">
      <Filter>06. State\PlayerState\Move</Filter>
    </ClInclude>
    <ClInclude Include="SkillManager.h">
      <Filter>01. Manager\16. Skill</Filter>
    </ClInclude>
    <ClInclude Include="PlayerAttackQState.h">
      <Filter>06. State\PlayerState\Attack</Filter>
    </ClInclude>
    <ClInclude Include="PlayerAttackEState.h">
      <Filter>06. State\PlayerState\Attack</Filter>
    </ClInclude>
    <ClInclude Include="PlayerAttackRState.h">
      <Filter>06. State\PlayerState\Attack</Filter>
    </ClInclude>
    <ClInclude Include="Player.h">
      <Filter>03. GameObject\Player</Filter>
    </ClInclude>
    <ClInclude Include="Monster.h">
      <Filter>03. GameObject\Monster</Filter>
    </ClInclude>
    <ClInclude Include="MonsterAI.h">
      <Filter>04. Component\10. AI</Filter>
    </ClInclude>
    <ClInclude Include="MonsterIdleState.h">
      <Filter>06. State\MonsterState\Move</Filter>
    </ClInclude>
    <ClInclude Include="MonsterChaseState.h">
      <Filter>06. State\MonsterState\Move</Filter>
    </ClInclude>
    <ClInclude Include="MonsterAttackState.h">
      <Filter>06. State\MonsterState\Attack</Filter>
    </ClInclude>
    <ClInclude Include="CollisionObject.h">
      <Filter>03. GameObject</Filter>
    </ClInclude>
    <ClInclude Include="SubLevel.h">
      <Filter>02. Level</Filter>
    </ClInclude>
    <ClInclude Include="PlayerAttackLButtonState.h">
      <Filter>06. State\PlayerState\Attack</Filter>
    </ClInclude>
    <ClInclude Include="FireBall.h">
      <Filter>03. GameObject\Player\Skill\Fire</Filter>
    </ClInclude>
    <ClInclude Include="FirePillar.h">
      <Filter>03. GameObject\Player\Skill\Fire</Filter>
    </ClInclude>
    <ClInclude Include="FireCircle.h">
      <Filter>03. GameObject\Player\Skill\Fire</Filter>
    </ClInclude>
    <ClInclude Include="ClientPacketHandler.h">
      <Filter>00. Network\02. PacketHandler</Filter>
    </ClInclude>
    <ClInclude Include="Enum.pb.h">
      <Filter>00. Network\03. Protocol\Base</Filter>
    </ClInclude>
    <ClInclude Include="Protocol.pb.h">
      <Filter>00. Network\03. Protocol\Base</Filter>
    </ClInclude>
    <ClInclude Include="Struct.pb.h">
      <Filter>00. Network\03. Protocol\Base</Filter>
    </ClInclude>
    <ClInclude Include="WidgetWindow.h">
      <Filter>07. UI</Filter>
    </ClInclude>
    <ClInclude Include="Widget.h">
      <Filter>07. UI</Filter>
    </ClInclude>
    <ClInclude Include="ImageWidget.h">
      <Filter>07. UI\01. Widget</Filter>
    </ClInclude>
    <ClInclude Include="TestWidget.h">
      <Filter>07. UI\02. WidgetWindow</Filter>
    </ClInclude>
    <ClInclude Include="MapPlayerWidget.h">
      <Filter>07. UI\01. Widget</Filter>
    </ClInclude>
    <ClInclude Include="PlayWidgetWindow.h">
      <Filter>07. UI\02. WidgetWindow</Filter>
    </ClInclude>
    <ClInclude Include="GaugeWidget.h">
      <Filter>07. UI\01. Widget</Filter>
    </ClInclude>
    <ClInclude Include="TextWidget.h">
      <Filter>07. UI\01. Widget</Filter>
    </ClInclude>
    <ClInclude Include="SkillWidget.h">
      <Filter>07. UI\01. Widget</Filter>
    </ClInclude>
    <ClInclude Include="TextWindow.h">
      <Filter>07. UI\02. WidgetWindow</Filter>
    </ClInclude>
    <ClInclude Include="Meteors.h">
      <Filter>03. GameObject\Player\Skill\Fire</Filter>
    </ClInclude>
    <ClInclude Include="FireSword.h">
      <Filter>03. GameObject\Player\Skill\Fire</Filter>
    </ClInclude>
    <ClInclude Include="PlayerAttackRButtonState.h">
      <Filter>06. State\PlayerState\Attack</Filter>
    </ClInclude>
    <ClInclude Include="JsonConverter.h">
      <Filter>JSON</Filter>
    </ClInclude>
    <ClInclude Include="SkillObject.h">
      <Filter>03. GameObject\Player\Skill</Filter>
    </ClInclude>
    <ClInclude Include="SkillDamage.h">
      <Filter>03. GameObject\Player\Skill</Filter>
    </ClInclude>
    <ClInclude Include="ParticleSystemManager.h">
      <Filter>01. Manager\17. ParticleSystem</Filter>
    </ClInclude>
    <ClInclude Include="AnimatedBillboardEffect.h">
      <Filter>03. GameObject\Effect</Filter>
    </ClInclude>
  </ItemGroup>
  <ItemGroup>
    <ClCompile Include="pch.cpp">
      <Filter>헤더 파일\PCH</Filter>
    </ClCompile>
    <ClCompile Include="Engine.cpp">
      <Filter>01. Manager</Filter>
    </ClCompile>
    <ClCompile Include="SimpleMath.cpp">
      <Filter>01. Manager\05. Math</Filter>
    </ClCompile>
    <ClCompile Include="Device.cpp">
      <Filter>01. Manager\01. Device</Filter>
    </ClCompile>
    <ClCompile Include="CommandQueue.cpp">
      <Filter>01. Manager\01. Device\CommandQueue</Filter>
    </ClCompile>
    <ClCompile Include="RootSignature.cpp">
      <Filter>01. Manager\01. Device\RootSignature</Filter>
    </ClCompile>
    <ClCompile Include="ConstantBuffer.cpp">
      <Filter>01. Manager\01. Device\ConstantBuffer</Filter>
    </ClCompile>
    <ClCompile Include="SwapChain.cpp">
      <Filter>01. Manager\01. Device\SwapChain</Filter>
    </ClCompile>
    <ClCompile Include="TableDescriptorHeap.cpp">
      <Filter>01. Manager\01. Device\TableDescriptorHeap</Filter>
    </ClCompile>
    <ClCompile Include="LevelManager.cpp">
      <Filter>01. Manager\08. Level</Filter>
    </ClCompile>
    <ClCompile Include="Level.cpp">
      <Filter>02. Level</Filter>
    </ClCompile>
    <ClCompile Include="Ref.cpp">
      <Filter>01. Manager\06. Memory</Filter>
    </ClCompile>
    <ClCompile Include="Layer.cpp">
      <Filter>02. Level</Filter>
    </ClCompile>
    <ClCompile Include="GameObject.cpp">
      <Filter>03. GameObject</Filter>
    </ClCompile>
    <ClCompile Include="Component.cpp">
      <Filter>04. Component</Filter>
    </ClCompile>
    <ClCompile Include="RenderComponent.cpp">
      <Filter>04. Component\01. RenderComponent</Filter>
    </ClCompile>
    <ClCompile Include="MeshRenderer.cpp">
      <Filter>04. Component\01. RenderComponent\MeshRenderer</Filter>
    </ClCompile>
    <ClCompile Include="Script.cpp">
      <Filter>04. Component\Script</Filter>
    </ClCompile>
    <ClCompile Include="RenderManager.cpp">
      <Filter>01. Manager\09. Render</Filter>
    </ClCompile>
    <ClCompile Include="Camera.cpp">
      <Filter>04. Component\02. Camera</Filter>
    </ClCompile>
    <ClCompile Include="AssetManager.cpp">
      <Filter>01. Manager\07. Asset</Filter>
    </ClCompile>
    <ClCompile Include="Asset.cpp">
      <Filter>05. Asset</Filter>
    </ClCompile>
    <ClCompile Include="Mesh.cpp">
      <Filter>05. Asset\01. Mesh</Filter>
    </ClCompile>
    <ClCompile Include="Timer.cpp">
      <Filter>01. Manager\02. Timer</Filter>
    </ClCompile>
    <ClCompile Include="Shader.cpp">
      <Filter>05. Asset\04. Shader</Filter>
    </ClCompile>
    <ClCompile Include="ComputeShader.cpp">
      <Filter>05. Asset\04. Shader</Filter>
    </ClCompile>
    <ClCompile Include="GraphicShader.cpp">
      <Filter>05. Asset\04. Shader</Filter>
    </ClCompile>
    <ClCompile Include="PathManager.cpp">
      <Filter>01. Manager\03. Path</Filter>
    </ClCompile>
    <ClCompile Include="Transform.cpp">
      <Filter>04. Component\03. Transform</Filter>
    </ClCompile>
    <ClCompile Include="Global.cpp">
      <Filter>소스 파일</Filter>
    </ClCompile>
    <ClCompile Include="InputManager.cpp">
      <Filter>01. Manager\04. Input</Filter>
    </ClCompile>
    <ClCompile Include="CameraScript.cpp">
      <Filter>Script</Filter>
    </ClCompile>
    <ClCompile Include="Material.cpp">
      <Filter>05. Asset\02. Material</Filter>
    </ClCompile>
    <ClCompile Include="Texture.cpp">
      <Filter>05. Asset\03. Texture</Filter>
    </ClCompile>
    <ClCompile Include="Frustum.cpp">
      <Filter>04. Component\02. Camera\Frustum</Filter>
    </ClCompile>
    <ClCompile Include="BaseCollider.cpp">
      <Filter>04. Component\04. Collider</Filter>
    </ClCompile>
    <ClCompile Include="BoxCollider.cpp">
      <Filter>04. Component\04. Collider</Filter>
    </ClCompile>
    <ClCompile Include="OrientedBoxCollider.cpp">
      <Filter>04. Component\04. Collider</Filter>
    </ClCompile>
    <ClCompile Include="CollisionManager.cpp">
      <Filter>01. Manager\10. Collision</Filter>
    </ClCompile>
    <ClCompile Include="LevelCollision.cpp">
      <Filter>02. Level</Filter>
    </ClCompile>
    <ClCompile Include="MeshData.cpp">
      <Filter>05. Asset\01. Mesh</Filter>
    </ClCompile>
    <ClCompile Include="Animator.cpp">
      <Filter>04. Component\05. Animation</Filter>
    </ClCompile>
    <ClCompile Include="RenderTargetGroup.cpp">
      <Filter>01. Manager\01. Device\RenderTargetGroup</Filter>
    </ClCompile>
    <ClCompile Include="StructuredBuffer.cpp">
      <Filter>01. Manager\01. Device\StructedBuffer</Filter>
    </ClCompile>
    <ClCompile Include="ParticleSystem.cpp">
      <Filter>04. Component\07. ParticleSystem</Filter>
    </ClCompile>
    <ClCompile Include="Light.cpp">
      <Filter>04. Component\06. Light</Filter>
    </ClCompile>
    <ClCompile Include="InstancingBuffer.cpp">
      <Filter>01. Manager\11. Inctancing</Filter>
    </ClCompile>
    <ClCompile Include="InstancingManager.cpp">
      <Filter>01. Manager\11. Inctancing</Filter>
    </ClCompile>
    <ClCompile Include="..\..\3rdParty\ImGui\imgui_impl_dx12.cpp">
      <Filter>IMGUI</Filter>
    </ClCompile>
    <ClCompile Include="..\..\3rdParty\ImGui\imgui_impl_win32.cpp">
      <Filter>IMGUI</Filter>
    </ClCompile>
    <ClCompile Include="..\..\3rdParty\ImGui\imgui_tables.cpp">
      <Filter>IMGUI</Filter>
    </ClCompile>
    <ClCompile Include="..\..\3rdParty\ImGui\imgui_widgets.cpp">
      <Filter>IMGUI</Filter>
    </ClCompile>
    <ClCompile Include="..\..\3rdParty\ImGui\imgui.cpp">
      <Filter>IMGUI</Filter>
    </ClCompile>
    <ClCompile Include="..\..\3rdParty\ImGui\imgui_demo.cpp">
      <Filter>IMGUI</Filter>
    </ClCompile>
    <ClCompile Include="..\..\3rdParty\ImGui\imgui_draw.cpp">
      <Filter>IMGUI</Filter>
    </ClCompile>
    <ClCompile Include="ImGuiManager.cpp">
      <Filter>01. Manager\12. ImGui</Filter>
    </ClCompile>
    <ClCompile Include="JHDLoader.cpp">
      <Filter>05. Asset</Filter>
    </ClCompile>
    <ClCompile Include="Sound.cpp">
      <Filter>05. Asset\05. Sound</Filter>
    </ClCompile>
    <ClCompile Include="SoundManager.cpp">
      <Filter>01. Manager\13. Sound</Filter>
    </ClCompile>
    <ClCompile Include="RigidBody.cpp">
      <Filter>04. Component\08. RigidBody</Filter>
    </ClCompile>
    <ClCompile Include="UI.cpp">
      <Filter>04. Component\09. UI</Filter>
    </ClCompile>
    <ClCompile Include="UIButton.cpp">
      <Filter>04. Component\09. UI</Filter>
    </ClCompile>
    <ClCompile Include="..\..\3rdParty\ImGuizmo\ImGuizmo.cpp">
      <Filter>IMGUIZMO</Filter>
    </ClCompile>
    <ClCompile Include="..\..\3rdParty\ImGuizmo\GraphEditor.cpp">
      <Filter>IMGUIZMO</Filter>
    </ClCompile>
    <ClCompile Include="..\..\3rdParty\ImGuizmo\ImCurveEdit.cpp">
      <Filter>IMGUIZMO</Filter>
    </ClCompile>
    <ClCompile Include="..\..\3rdParty\ImGuizmo\ImGradient.cpp">
      <Filter>IMGUIZMO</Filter>
    </ClCompile>
    <ClCompile Include="..\..\3rdParty\ImGuizmo\ImSequencer.cpp">
      <Filter>IMGUIZMO</Filter>
    </ClCompile>
    <ClCompile Include="NetworkManager.cpp">
      <Filter>00. Network</Filter>
    </ClCompile>
    <ClCompile Include="ServerSession.cpp">
      <Filter>00. Network\01. Session</Filter>
    </ClCompile>
    <ClCompile Include="SaveLoadManager.cpp">
      <Filter>01. Manager\14. Save/Load</Filter>
    </ClCompile>
    <ClCompile Include="StateManager.cpp">
      <Filter>01. Manager\15. State</Filter>
    </ClCompile>
    <ClCompile Include="PlayerScript.cpp">
      <Filter>Script</Filter>
    </ClCompile>
    <ClCompile Include="PlayerDashState.cpp">
      <Filter>06. State\PlayerState\Move</Filter>
    </ClCompile>
    <ClCompile Include="PlayerIdleState.cpp">
      <Filter>06. State\PlayerState\Move</Filter>
    </ClCompile>
    <ClCompile Include="PlayerRunState.cpp">
      <Filter>06. State\PlayerState\Move</Filter>
    </ClCompile>
    <ClCompile Include="SkillManager.cpp">
      <Filter>01. Manager\16. Skill</Filter>
    </ClCompile>
    <ClCompile Include="PlayerAttackQState.cpp">
      <Filter>06. State\PlayerState\Attack</Filter>
    </ClCompile>
    <ClCompile Include="PlayerAttackEState.cpp">
      <Filter>06. State\PlayerState\Attack</Filter>
    </ClCompile>
    <ClCompile Include="PlayerAttackRState.cpp">
      <Filter>06. State\PlayerState\Attack</Filter>
    </ClCompile>
    <ClCompile Include="Player.cpp">
      <Filter>03. GameObject\Player</Filter>
    </ClCompile>
    <ClCompile Include="Monster.cpp">
      <Filter>03. GameObject\Monster</Filter>
    </ClCompile>
    <ClCompile Include="MonsterAI.cpp">
      <Filter>04. Component\10. AI</Filter>
    </ClCompile>
    <ClCompile Include="MonsterIdleState.cpp">
      <Filter>06. State\MonsterState\Move</Filter>
    </ClCompile>
    <ClCompile Include="MonsterChaseState.cpp">
      <Filter>06. State\MonsterState\Move</Filter>
    </ClCompile>
    <ClCompile Include="MonsterAttackState.cpp">
      <Filter>06. State\MonsterState\Attack</Filter>
    </ClCompile>
    <ClCompile Include="CollisionObject.cpp">
      <Filter>03. GameObject</Filter>
    </ClCompile>
    <ClCompile Include="SubLevel.cpp">
      <Filter>02. Level</Filter>
    </ClCompile>
    <ClCompile Include="PlayerAttackLButtonState.cpp">
      <Filter>06. State\PlayerState\Attack</Filter>
    </ClCompile>
    <ClCompile Include="FireBall.cpp">
      <Filter>03. GameObject\Player\Skill\Fire</Filter>
    </ClCompile>
    <ClCompile Include="FirePillar.cpp">
      <Filter>03. GameObject\Player\Skill\Fire</Filter>
    </ClCompile>
    <ClCompile Include="FireCircle.cpp">
      <Filter>03. GameObject\Player\Skill\Fire</Filter>
    </ClCompile>
    <ClCompile Include="Enum.pb.cc">
      <Filter>00. Network\03. Protocol\Base</Filter>
    </ClCompile>
    <ClCompile Include="Protocol.pb.cc">
      <Filter>00. Network\03. Protocol\Base</Filter>
    </ClCompile>
    <ClCompile Include="Struct.pb.cc">
      <Filter>00. Network\03. Protocol\Base</Filter>
    </ClCompile>
    <ClCompile Include="ClientPacketHandler.cpp">
      <Filter>00. Network\02. PacketHandler</Filter>
    </ClCompile>
    <ClCompile Include="WidgetWindow.cpp">
      <Filter>07. UI</Filter>
    </ClCompile>
    <ClCompile Include="Widget.cpp">
      <Filter>07. UI</Filter>
    </ClCompile>
    <ClCompile Include="ImageWidget.cpp">
      <Filter>07. UI\01. Widget</Filter>
    </ClCompile>
    <ClCompile Include="TestWidget.cpp">
      <Filter>07. UI\02. WidgetWindow</Filter>
    </ClCompile>
    <ClCompile Include="MapPlayerWidget.cpp">
      <Filter>07. UI\01. Widget</Filter>
    </ClCompile>
    <ClCompile Include="PlayWidgetWindow.cpp">
      <Filter>07. UI\02. WidgetWindow</Filter>
    </ClCompile>
    <ClCompile Include="GaugeWidget.cpp">
      <Filter>07. UI\01. Widget</Filter>
    </ClCompile>
    <ClCompile Include="TextWidget.cpp">
      <Filter>07. UI\01. Widget</Filter>
    </ClCompile>
    <ClCompile Include="SkillWidget.cpp">
      <Filter>07. UI\01. Widget</Filter>
    </ClCompile>
    <ClCompile Include="TextWindow.cpp">
      <Filter>07. UI\02. WidgetWindow</Filter>
    </ClCompile>
    <ClCompile Include="Meteors.cpp">
      <Filter>03. GameObject\Player\Skill\Fire</Filter>
    </ClCompile>
    <ClCompile Include="FireSword.cpp">
      <Filter>03. GameObject\Player\Skill\Fire</Filter>
    </ClCompile>
    <ClCompile Include="PlayerAttackRButtonState.cpp">
      <Filter>06. State\PlayerState\Attack</Filter>
    </ClCompile>
    <ClCompile Include="JsonConverter.cpp">
      <Filter>JSON</Filter>
    </ClCompile>
    <ClCompile Include="SkillObject.cpp">
      <Filter>03. GameObject\Player\Skill</Filter>
    </ClCompile>
    <ClCompile Include="ParticleSystemManager.cpp">
      <Filter>01. Manager\17. ParticleSystem</Filter>
    </ClCompile>
    <ClCompile Include="AnimatedBillboardEffect.cpp">
      <Filter>03. GameObject\Effect</Filter>
    </ClCompile>
  </ItemGroup>
  <ItemGroup>
    <None Include="SimpleMath.inl">
      <Filter>01. Manager\05. Math</Filter>
    </None>
    <None Include="fmod.cs">
      <Filter>05. Asset\05. Sound\01. FMOD</Filter>
    </None>
    <None Include="fmod_dsp.cs">
      <Filter>05. Asset\05. Sound\01. FMOD</Filter>
    </None>
    <None Include="fmod_errors.cs">
      <Filter>05. Asset\05. Sound\01. FMOD</Filter>
    </None>
    <None Include="..\..\Server\Build\protoc-21.12-win64\bin\Enum.proto">
      <Filter>00. Network\03. Protocol</Filter>
    </None>
    <None Include="..\..\Server\Build\protoc-21.12-win64\bin\Protocol.proto">
      <Filter>00. Network\03. Protocol</Filter>
    </None>
    <None Include="..\..\Server\Build\protoc-21.12-win64\bin\Struct.proto">
      <Filter>00. Network\03. Protocol</Filter>
    </None>
  </ItemGroup>
  <ItemGroup>
    <FxCompile Include="Skybox.hlsl">
      <Filter>HLSL</Filter>
    </FxCompile>
    <FxCompile Include="..\..\Content\Shaders\Compute.hlsl">
      <Filter>HLSL</Filter>
    </FxCompile>
    <FxCompile Include="..\..\Content\Shaders\Params.hlsl">
      <Filter>HLSL</Filter>
    </FxCompile>
    <FxCompile Include="..\..\Content\Shaders\Deferred.hlsl">
      <Filter>HLSL</Filter>
    </FxCompile>
    <FxCompile Include="..\..\Content\Shaders\Forward.hlsl">
      <Filter>HLSL</Filter>
    </FxCompile>
    <FxCompile Include="..\..\Content\Shaders\particle.hlsl">
      <Filter>HLSL</Filter>
    </FxCompile>
    <FxCompile Include="..\..\Content\Shaders\Utils.hlsl">
      <Filter>HLSL</Filter>
    </FxCompile>
    <FxCompile Include="..\..\Content\Shaders\Light.hlsl">
      <Filter>HLSL</Filter>
    </FxCompile>
    <FxCompile Include="..\..\Content\Shaders\Math.hlsl">
      <Filter>HLSL</Filter>
    </FxCompile>
    <FxCompile Include="..\..\Content\Shaders\Animation.hlsl">
      <Filter>HLSL</Filter>
    </FxCompile>
    <FxCompile Include="..\..\Content\Shaders\Shadow.hlsl">
      <Filter>HLSL</Filter>
    </FxCompile>
  </ItemGroup>
</Project>