<?xml version="1.0" encoding="utf-8"?>
<Project ToolsVersion="4.0" xmlns="http://schemas.microsoft.com/developer/msbuild/2003">
  <ItemGroup>
    <Filter Include="소스 파일">
      <UniqueIdentifier>{4FC737F1-C7A5-4376-A066-2A32D752A2FF}</UniqueIdentifier>
      <Extensions>cpp;c;cc;cxx;c++;cppm;ixx;def;odl;idl;hpj;bat;asm;asmx</Extensions>
    </Filter>
    <Filter Include="헤더 파일">
      <UniqueIdentifier>{93995380-89BD-4b04-88EB-625FBE52EBFB}</UniqueIdentifier>
      <Extensions>h;hh;hpp;hxx;h++;hm;inl;inc;ipp;xsd</Extensions>
    </Filter>
    <Filter Include="헤더 파일\PCH">
      <UniqueIdentifier>{927b4a5b-62ef-4224-bad5-2c997af33b30}</UniqueIdentifier>
    </Filter>
    <Filter Include="01. Manager">
      <UniqueIdentifier>{f00b0c26-1fae-401f-b2b0-29859c14cf09}</UniqueIdentifier>
    </Filter>
    <Filter Include="01. Manager\01. Device">
      <UniqueIdentifier>{88a3901b-c1c4-4c45-a41e-c3a6ead1e6b0}</UniqueIdentifier>
    </Filter>
    <Filter Include="헤더 파일\Math">
      <UniqueIdentifier>{85c8b677-c264-4383-88a9-da0a23f4c833}</UniqueIdentifier>
    </Filter>
    <Filter Include="01. Manager\01. Device\CommandQueue">
      <UniqueIdentifier>{0cf39d87-9766-45e4-958c-d615439c7c37}</UniqueIdentifier>
    </Filter>
    <Filter Include="01. Manager\01. Device\DepthStencilBuffer">
      <UniqueIdentifier>{b9cd3fd8-1bd6-462a-8b44-031c447cc579}</UniqueIdentifier>
    </Filter>
    <Filter Include="01. Manager\01. Device\RootSignature">
      <UniqueIdentifier>{2a8a6048-76fa-4500-a63e-f90b7374129a}</UniqueIdentifier>
    </Filter>
    <Filter Include="01. Manager\01. Device\ConstantBuffer">
      <UniqueIdentifier>{b71e68e3-ece2-4245-b385-410248781da6}</UniqueIdentifier>
    </Filter>
    <Filter Include="01. Manager\01. Device\SwapChain">
      <UniqueIdentifier>{d8b64db3-2200-4b99-89c9-fdad70da000c}</UniqueIdentifier>
    </Filter>
    <Filter Include="01. Manager\01. Device\TableDescriptorHeap">
      <UniqueIdentifier>{dd20d6d9-abdd-4bcb-b0ab-9017b7e6e90a}</UniqueIdentifier>
    </Filter>
  </ItemGroup>
  <ItemGroup>
    <ClInclude Include="Global.h">
      <Filter>헤더 파일</Filter>
    </ClInclude>
    <ClInclude Include="pch.h">
      <Filter>헤더 파일\PCH</Filter>
    </ClInclude>
    <ClInclude Include="Singleton.h">
      <Filter>헤더 파일</Filter>
    </ClInclude>
    <ClInclude Include="Define.h">
      <Filter>헤더 파일</Filter>
    </ClInclude>
    <ClInclude Include="Flag.h">
      <Filter>헤더 파일</Filter>
    </ClInclude>
    <ClInclude Include="Engine.h">
      <Filter>01. Manager</Filter>
    </ClInclude>
    <ClInclude Include="SimpleMath.h">
      <Filter>헤더 파일\Math</Filter>
    </ClInclude>
    <ClInclude Include="d3dx12.h">
      <Filter>헤더 파일</Filter>
    </ClInclude>
    <ClInclude Include="Device.h">
      <Filter>01. Manager\01. Device</Filter>
    </ClInclude>
    <ClInclude Include="CommandQueue.h">
      <Filter>01. Manager\01. Device\CommandQueue</Filter>
    </ClInclude>
    <ClInclude Include="DepthStencilBuffer.h">
      <Filter>01. Manager\01. Device\DepthStencilBuffer</Filter>
    </ClInclude>
    <ClInclude Include="RootSignature.h">
      <Filter>01. Manager\01. Device\RootSignature</Filter>
    </ClInclude>
    <ClInclude Include="ConstantBuffer.h">
      <Filter>01. Manager\01. Device\ConstantBuffer</Filter>
    </ClInclude>
    <ClInclude Include="SwapChain.h">
      <Filter>01. Manager\01. Device\SwapChain</Filter>
    </ClInclude>
    <ClInclude Include="TableDescriptorHeap.h">
      <Filter>01. Manager\01. Device\TableDescriptorHeap</Filter>
    </ClInclude>
  </ItemGroup>
  <ItemGroup>
    <ClCompile Include="pch.cpp">
      <Filter>헤더 파일\PCH</Filter>
    </ClCompile>
    <ClCompile Include="Engine.cpp">
      <Filter>01. Manager</Filter>
    </ClCompile>
    <ClCompile Include="SimpleMath.cpp">
      <Filter>헤더 파일\Math</Filter>
    </ClCompile>
    <ClCompile Include="Device.cpp">
      <Filter>01. Manager\01. Device</Filter>
    </ClCompile>
    <ClCompile Include="CommandQueue.cpp">
      <Filter>01. Manager\01. Device\CommandQueue</Filter>
    </ClCompile>
    <ClCompile Include="DepthStencilBuffer.cpp">
      <Filter>01. Manager\01. Device\DepthStencilBuffer</Filter>
    </ClCompile>
    <ClCompile Include="RootSignature.cpp">
      <Filter>01. Manager\01. Device\RootSignature</Filter>
    </ClCompile>
    <ClCompile Include="ConstantBuffer.cpp">
      <Filter>01. Manager\01. Device\ConstantBuffer</Filter>
    </ClCompile>
    <ClCompile Include="SwapChain.cpp">
      <Filter>01. Manager\01. Device\SwapChain</Filter>
    </ClCompile>
    <ClCompile Include="TableDescriptorHeap.cpp">
      <Filter>01. Manager\01. Device\TableDescriptorHeap</Filter>
    </ClCompile>
  </ItemGroup>
  <ItemGroup>
    <None Include="SimpleMath.inl">
      <Filter>헤더 파일\Math</Filter>
    </None>
  </ItemGroup>
</Project>